
Microsoft Visual Studio Solution File, Format Version 12.00
# Visual Studio Version 16
VisualStudioVersion = 16.0.30804.86
MinimumVisualStudioVersion = 10.0.40219.1
Project("{8BC9CEB8-8B4A-11D0-8D11-00A0C91BC942}") = "Hello", "Hello\Hello.vcxproj", "{AC254CD6-32ED-4496-BE98-C69E74170720}"
EndProject
Project("{8BC9CEB8-8B4A-11D0-8D11-00A0C91BC942}") = "Mystery", "Mystery\Mystery.vcxproj", "{AA98C4F9-C0B9-4B13-9255-C0612FE535C7}"
EndProject
Project("{8BC9CEB8-8B4A-11D0-8D11-00A0C91BC942}") = "Average", "Average\Average.vcxproj", "{EEB67FB3-7888-44AF-8F78-938CFD1DF189}"
EndProject
Project("{8BC9CEB8-8B4A-11D0-8D11-00A0C91BC942}") = "Uninitialized", "Uninitialized\Uninitialized.vcxproj", "{B8F39F2E-7169-4F47-8B2D-2ECD0E381F41}"
EndProject
Project("{8BC9CEB8-8B4A-11D0-8D11-00A0C91BC942}") = "OutOfBounds", "OutOfBounds\OutOfBounds.vcxproj", "{095A8006-583D-4CEC-B54E-92A2436E8870}"
EndProject
Project("{8BC9CEB8-8B4A-11D0-8D11-00A0C91BC942}") = "Reverse", "Reverse\Reverse.vcxproj", "{A4DBF2DE-212F-4DE0-8012-0DF1506F3F53}"
EndProject
Project("{8BC9CEB8-8B4A-11D0-8D11-00A0C91BC942}") = "Palindrome", "Palindrome\Palindrome.vcxproj", "{93C50A64-725C-4A96-8E6E-C0B44389B308}"
EndProject
Global
	GlobalSection(SolutionConfigurationPlatforms) = preSolution
		Debug|x64 = Debug|x64
		Debug|x86 = Debug|x86
		Release|x64 = Release|x64
		Release|x86 = Release|x86
	EndGlobalSection
	GlobalSection(ProjectConfigurationPlatforms) = postSolution
		{AC254CD6-32ED-4496-BE98-C69E74170720}.Debug|x64.ActiveCfg = Debug|x64
		{AC254CD6-32ED-4496-BE98-C69E74170720}.Debug|x64.Build.0 = Debug|x64
		{AC254CD6-32ED-4496-BE98-C69E74170720}.Debug|x86.ActiveCfg = Debug|Win32
		{AC254CD6-32ED-4496-BE98-C69E74170720}.Debug|x86.Build.0 = Debug|Win32
		{AC254CD6-32ED-4496-BE98-C69E74170720}.Release|x64.ActiveCfg = Release|x64
		{AC254CD6-32ED-4496-BE98-C69E74170720}.Release|x64.Build.0 = Release|x64
		{AC254CD6-32ED-4496-BE98-C69E74170720}.Release|x86.ActiveCfg = Release|Win32
		{AC254CD6-32ED-4496-BE98-C69E74170720}.Release|x86.Build.0 = Release|Win32
		{AA98C4F9-C0B9-4B13-9255-C0612FE535C7}.Debug|x64.ActiveCfg = Debug|x64
		{AA98C4F9-C0B9-4B13-9255-C0612FE535C7}.Debug|x64.Build.0 = Debug|x64
		{AA98C4F9-C0B9-4B13-9255-C0612FE535C7}.Debug|x86.ActiveCfg = Debug|Win32
		{AA98C4F9-C0B9-4B13-9255-C0612FE535C7}.Debug|x86.Build.0 = Debug|Win32
		{AA98C4F9-C0B9-4B13-9255-C0612FE535C7}.Release|x64.ActiveCfg = Release|x64
		{AA98C4F9-C0B9-4B13-9255-C0612FE535C7}.Release|x64.Build.0 = Release|x64
		{AA98C4F9-C0B9-4B13-9255-C0612FE535C7}.Release|x86.ActiveCfg = Release|Win32
		{AA98C4F9-C0B9-4B13-9255-C0612FE535C7}.Release|x86.Build.0 = Release|Win32
		{EEB67FB3-7888-44AF-8F78-938CFD1DF189}.Debug|x64.ActiveCfg = Debug|x64
		{EEB67FB3-7888-44AF-8F78-938CFD1DF189}.Debug|x64.Build.0 = Debug|x64
		{EEB67FB3-7888-44AF-8F78-938CFD1DF189}.Debug|x86.ActiveCfg = Debug|Win32
		{EEB67FB3-7888-44AF-8F78-938CFD1DF189}.Debug|x86.Build.0 = Debug|Win32
		{EEB67FB3-7888-44AF-8F78-938CFD1DF189}.Release|x64.ActiveCfg = Release|x64
		{EEB67FB3-7888-44AF-8F78-938CFD1DF189}.Release|x64.Build.0 = Release|x64
		{EEB67FB3-7888-44AF-8F78-938CFD1DF189}.Release|x86.ActiveCfg = Release|Win32
		{EEB67FB3-7888-44AF-8F78-938CFD1DF189}.Release|x86.Build.0 = Release|Win32
		{B8F39F2E-7169-4F47-8B2D-2ECD0E381F41}.Debug|x64.ActiveCfg = Debug|x64
		{B8F39F2E-7169-4F47-8B2D-2ECD0E381F41}.Debug|x64.Build.0 = Debug|x64
		{B8F39F2E-7169-4F47-8B2D-2ECD0E381F41}.Debug|x86.ActiveCfg = Debug|Win32
		{B8F39F2E-7169-4F47-8B2D-2ECD0E381F41}.Debug|x86.Build.0 = Debug|Win32
		{B8F39F2E-7169-4F47-8B2D-2ECD0E381F41}.Release|x64.ActiveCfg = Release|x64
		{B8F39F2E-7169-4F47-8B2D-2ECD0E381F41}.Release|x64.Build.0 = Release|x64
		{B8F39F2E-7169-4F47-8B2D-2ECD0E381F41}.Release|x86.ActiveCfg = Release|Win32
		{B8F39F2E-7169-4F47-8B2D-2ECD0E381F41}.Release|x86.Build.0 = Release|Win32
		{095A8006-583D-4CEC-B54E-92A2436E8870}.Debug|x64.ActiveCfg = Debug|x64
		{095A8006-583D-4CEC-B54E-92A2436E8870}.Debug|x64.Build.0 = Debug|x64
		{095A8006-583D-4CEC-B54E-92A2436E8870}.Debug|x86.ActiveCfg = Debug|Win32
		{095A8006-583D-4CEC-B54E-92A2436E8870}.Debug|x86.Build.0 = Debug|Win32
		{095A8006-583D-4CEC-B54E-92A2436E8870}.Release|x64.ActiveCfg = Release|x64
		{095A8006-583D-4CEC-B54E-92A2436E8870}.Release|x64.Build.0 = Release|x64
		{095A8006-583D-4CEC-B54E-92A2436E8870}.Release|x86.ActiveCfg = Release|Win32
		{095A8006-583D-4CEC-B54E-92A2436E8870}.Release|x86.Build.0 = Release|Win32
		{A4DBF2DE-212F-4DE0-8012-0DF1506F3F53}.Debug|x64.ActiveCfg = Debug|x64
		{A4DBF2DE-212F-4DE0-8012-0DF1506F3F53}.Debug|x64.Build.0 = Debug|x64
		{A4DBF2DE-212F-4DE0-8012-0DF1506F3F53}.Debug|x86.ActiveCfg = Debug|Win32
		{A4DBF2DE-212F-4DE0-8012-0DF1506F3F53}.Debug|x86.Build.0 = Debug|Win32
		{A4DBF2DE-212F-4DE0-8012-0DF1506F3F53}.Release|x64.ActiveCfg = Release|x64
		{A4DBF2DE-212F-4DE0-8012-0DF1506F3F53}.Release|x64.Build.0 = Release|x64
		{A4DBF2DE-212F-4DE0-8012-0DF1506F3F53}.Release|x86.ActiveCfg = Release|Win32
		{A4DBF2DE-212F-4DE0-8012-0DF1506F3F53}.Release|x86.Build.0 = Release|Win32
		{93C50A64-725C-4A96-8E6E-C0B44389B308}.Debug|x64.ActiveCfg = Debug|x64
		{93C50A64-725C-4A96-8E6E-C0B44389B308}.Debug|x64.Build.0 = Debug|x64
		{93C50A64-725C-4A96-8E6E-C0B44389B308}.Debug|x86.ActiveCfg = Debug|Win32
		{93C50A64-725C-4A96-8E6E-C0B44389B308}.Debug|x86.Build.0 = Debug|Win32
		{93C50A64-725C-4A96-8E6E-C0B44389B308}.Release|x64.ActiveCfg = Release|x64
		{93C50A64-725C-4A96-8E6E-C0B44389B308}.Release|x64.Build.0 = Release|x64
		{93C50A64-725C-4A96-8E6E-C0B44389B308}.Release|x86.ActiveCfg = Release|Win32
		{93C50A64-725C-4A96-8E6E-C0B44389B308}.Release|x86.Build.0 = Release|Win32
	EndGlobalSection
	GlobalSection(SolutionProperties) = preSolution
		HideSolutionNode = FALSE
	EndGlobalSection
	GlobalSection(ExtensibilityGlobals) = postSolution
		SolutionGuid = {FA40E1F4-9981-4C19-AD12-C147A4BFE010}
	EndGlobalSection
EndGlobal
